
Microsoft Visual Studio Solution File, Format Version 12.00
# Visual Studio 14
VisualStudioVersion = 14.0.23107.0
MinimumVisualStudioVersion = 10.0.40219.1
Project("{FAE04EC0-301F-11D3-BF4B-00C04F79EFBC}") = "EnqiryModule", "EnqiryModule\EnqiryModule.csproj", "{B8CFBC21-81E8-4A01-9C6D-8B5B52CD5C94}"
EndProject
Project("{FAE04EC0-301F-11D3-BF4B-00C04F79EFBC}") = "CustomAuthentication", "CustomAuthentication\CustomAuthentication.csproj", "{BFAD8A8E-0154-4A4A-A7F1-8B744018D375}"
EndProject
Global
	GlobalSection(SolutionConfigurationPlatforms) = preSolution
		Debug|Any CPU = Debug|Any CPU
		Release|Any CPU = Release|Any CPU
	EndGlobalSection
	GlobalSection(ProjectConfigurationPlatforms) = postSolution
		{B8CFBC21-81E8-4A01-9C6D-8B5B52CD5C94}.Debug|Any CPU.ActiveCfg = Debug|Any CPU
		{B8CFBC21-81E8-4A01-9C6D-8B5B52CD5C94}.Debug|Any CPU.Build.0 = Debug|Any CPU
		{B8CFBC21-81E8-4A01-9C6D-8B5B52CD5C94}.Release|Any CPU.ActiveCfg = Release|Any CPU
		{B8CFBC21-81E8-4A01-9C6D-8B5B52CD5C94}.Release|Any CPU.Build.0 = Release|Any CPU
		{BFAD8A8E-0154-4A4A-A7F1-8B744018D375}.Debug|Any CPU.ActiveCfg = Debug|Any CPU
		{BFAD8A8E-0154-4A4A-A7F1-8B744018D375}.Debug|Any CPU.Build.0 = Debug|Any CPU
		{BFAD8A8E-0154-4A4A-A7F1-8B744018D375}.Release|Any CPU.ActiveCfg = Release|Any CPU
		{BFAD8A8E-0154-4A4A-A7F1-8B744018D375}.Release|Any CPU.Build.0 = Release|Any CPU
	EndGlobalSection
	GlobalSection(SolutionProperties) = preSolution
		HideSolutionNode = FALSE
	EndGlobalSection
EndGlobal
