
Microsoft Visual Studio Solution File, Format Version 12.00
# Visual Studio 14
VisualStudioVersion = 14.0.23107.0
MinimumVisualStudioVersion = 10.0.40219.1
Project("{FAE04EC0-301F-11D3-BF4B-00C04F79EFBC}") = "CustomAuthentication", "CustomAuthentication\CustomAuthentication.csproj", "{BFAD8A8E-0154-4A4A-A7F1-8B744018D375}"
EndProject
Project("{FAE04EC0-301F-11D3-BF4B-00C04F79EFBC}") = "DataModel", "DataModel\DataModel.csproj", "{F409E6EF-E952-4A7E-B962-8E42A18922C4}"
EndProject
Project("{FAE04EC0-301F-11D3-BF4B-00C04F79EFBC}") = "RenewIn", "GreenPhyll\RenewIn.csproj", "{B8CFBC21-81E8-4A01-9C6D-8B5B52CD5C94}"
EndProject
Project("{FAE04EC0-301F-11D3-BF4B-00C04F79EFBC}") = "Utilities", "Utilities\Utilities.csproj", "{0FE427ED-EBBE-4892-996F-1B48C3127A10}"
EndProject
Global
	GlobalSection(SolutionConfigurationPlatforms) = preSolution
		Debug|Any CPU = Debug|Any CPU
		Release|Any CPU = Release|Any CPU
	EndGlobalSection
	GlobalSection(ProjectConfigurationPlatforms) = postSolution
		{BFAD8A8E-0154-4A4A-A7F1-8B744018D375}.Debug|Any CPU.ActiveCfg = Debug|Any CPU
		{BFAD8A8E-0154-4A4A-A7F1-8B744018D375}.Debug|Any CPU.Build.0 = Debug|Any CPU
		{BFAD8A8E-0154-4A4A-A7F1-8B744018D375}.Release|Any CPU.ActiveCfg = Release|Any CPU
		{BFAD8A8E-0154-4A4A-A7F1-8B744018D375}.Release|Any CPU.Build.0 = Release|Any CPU
		{F409E6EF-E952-4A7E-B962-8E42A18922C4}.Debug|Any CPU.ActiveCfg = Debug|Any CPU
		{F409E6EF-E952-4A7E-B962-8E42A18922C4}.Debug|Any CPU.Build.0 = Debug|Any CPU
		{F409E6EF-E952-4A7E-B962-8E42A18922C4}.Release|Any CPU.ActiveCfg = Release|Any CPU
		{F409E6EF-E952-4A7E-B962-8E42A18922C4}.Release|Any CPU.Build.0 = Release|Any CPU
		{B8CFBC21-81E8-4A01-9C6D-8B5B52CD5C94}.Debug|Any CPU.ActiveCfg = Debug|Any CPU
		{B8CFBC21-81E8-4A01-9C6D-8B5B52CD5C94}.Debug|Any CPU.Build.0 = Debug|Any CPU
		{B8CFBC21-81E8-4A01-9C6D-8B5B52CD5C94}.Release|Any CPU.ActiveCfg = Release|Any CPU
		{B8CFBC21-81E8-4A01-9C6D-8B5B52CD5C94}.Release|Any CPU.Build.0 = Release|Any CPU
		{0FE427ED-EBBE-4892-996F-1B48C3127A10}.Debug|Any CPU.ActiveCfg = Debug|Any CPU
		{0FE427ED-EBBE-4892-996F-1B48C3127A10}.Debug|Any CPU.Build.0 = Debug|Any CPU
		{0FE427ED-EBBE-4892-996F-1B48C3127A10}.Release|Any CPU.ActiveCfg = Release|Any CPU
		{0FE427ED-EBBE-4892-996F-1B48C3127A10}.Release|Any CPU.Build.0 = Release|Any CPU
	EndGlobalSection
	GlobalSection(SolutionProperties) = preSolution
		HideSolutionNode = FALSE
	EndGlobalSection
EndGlobal
